// !$*UTF8*$!
{
	archiveVersion = 1;
	classes = {
	};
	objectVersion = 46;
	objects = {

/* Begin PBXBuildFile section */
		14314A021709AD38000F7534 /* Foundation.framework in Frameworks */ = {isa = PBXBuildFile; fileRef = 08FB779EFE84155DC02AAC07 /* Foundation.framework */; };
		14314A0D1709AD3F000F7534 /* postgresql.lm in Sources */ = {isa = PBXBuildFile; fileRef = 143149FB1709AC93000F7534 /* postgresql.lm */; };
		14314A101709AEAF000F7534 /* PGLexer.m in Sources */ = {isa = PBXBuildFile; fileRef = 14314A0F1709AEAF000F7534 /* PGLexer.m */; };
		14DE069E169504680052F083 /* Cocoa.framework in Frameworks */ = {isa = PBXBuildFile; fileRef = 6E173D6F0B50EAD8003BAAFF /* Cocoa.framework */; };
		6E557C8816C80B82005EFB1B /* AppController.m in Sources */ = {isa = PBXBuildFile; fileRef = 6E557C6E16C80B76005EFB1B /* AppController.m */; };
		6E557C8916C80B82005EFB1B /* main.m in Sources */ = {isa = PBXBuildFile; fileRef = 6E557C6F16C80B76005EFB1B /* main.m */; };
		6E557C8A16C80B88005EFB1B /* CocoaEvaluator.xib in Resources */ = {isa = PBXBuildFile; fileRef = 6E557C7216C80B77005EFB1B /* CocoaEvaluator.xib */; };
		6E557C8B16C80B8D005EFB1B /* FoundationEvaluator.m in Sources */ = {isa = PBXBuildFile; fileRef = 6E557C7416C80B77005EFB1B /* FoundationEvaluator.m */; };
		6E557C8C16C80B94005EFB1B /* lexer.lm in Sources */ = {isa = PBXBuildFile; fileRef = 6E557C7516C80B77005EFB1B /* lexer.lm */; };
		6E557C8D16C80B94005EFB1B /* lexer.lm in Sources */ = {isa = PBXBuildFile; fileRef = 6E557C7516C80B77005EFB1B /* lexer.lm */; };
		6E557C8E16C80BA5005EFB1B /* BooleanNode.m in Sources */ = {isa = PBXBuildFile; fileRef = 6E557C7816C80B77005EFB1B /* BooleanNode.m */; };
		6E557C8F16C80BA5005EFB1B /* FunctionNode.m in Sources */ = {isa = PBXBuildFile; fileRef = 6E557C7A16C80B77005EFB1B /* FunctionNode.m */; };
		6E557C9016C80BA5005EFB1B /* NumberNode.m in Sources */ = {isa = PBXBuildFile; fileRef = 6E557C7C16C80B77005EFB1B /* NumberNode.m */; };
		6E557C9116C80BA5005EFB1B /* PTNode.m in Sources */ = {isa = PBXBuildFile; fileRef = 6E557C7E16C80B77005EFB1B /* PTNode.m */; };
		6E557C9216C80BA5005EFB1B /* StringNode.m in Sources */ = {isa = PBXBuildFile; fileRef = 6E557C8016C80B77005EFB1B /* StringNode.m */; };
		6E557C9316C80BA5005EFB1B /* VariableNode.m in Sources */ = {isa = PBXBuildFile; fileRef = 6E557C8216C80B77005EFB1B /* VariableNode.m */; };
		6E557C9416C80BA6005EFB1B /* BooleanNode.m in Sources */ = {isa = PBXBuildFile; fileRef = 6E557C7816C80B77005EFB1B /* BooleanNode.m */; };
		6E557C9516C80BA6005EFB1B /* FunctionNode.m in Sources */ = {isa = PBXBuildFile; fileRef = 6E557C7A16C80B77005EFB1B /* FunctionNode.m */; };
		6E557C9616C80BA6005EFB1B /* NumberNode.m in Sources */ = {isa = PBXBuildFile; fileRef = 6E557C7C16C80B77005EFB1B /* NumberNode.m */; };
		6E557C9716C80BA6005EFB1B /* PTNode.m in Sources */ = {isa = PBXBuildFile; fileRef = 6E557C7E16C80B77005EFB1B /* PTNode.m */; };
		6E557C9816C80BA6005EFB1B /* StringNode.m in Sources */ = {isa = PBXBuildFile; fileRef = 6E557C8016C80B77005EFB1B /* StringNode.m */; };
		6E557C9916C80BA6005EFB1B /* VariableNode.m in Sources */ = {isa = PBXBuildFile; fileRef = 6E557C8216C80B77005EFB1B /* VariableNode.m */; };
		6E557C9A16C80BB0005EFB1B /* parser.ym in Sources */ = {isa = PBXBuildFile; fileRef = 6E557C8316C80B77005EFB1B /* parser.ym */; };
		6E557C9B16C80BB1005EFB1B /* parser.ym in Sources */ = {isa = PBXBuildFile; fileRef = 6E557C8316C80B77005EFB1B /* parser.ym */; };
		6E557C9C16C80BB5005EFB1B /* ParserContext+Bison.m in Sources */ = {isa = PBXBuildFile; fileRef = 6E557C8516C80B77005EFB1B /* ParserContext+Bison.m */; };
		6E557C9D16C80BB5005EFB1B /* ParserContext.m in Sources */ = {isa = PBXBuildFile; fileRef = 6E557C8716C80B77005EFB1B /* ParserContext.m */; };
		6E557C9E16C80BB5005EFB1B /* ParserContext+Bison.m in Sources */ = {isa = PBXBuildFile; fileRef = 6E557C8516C80B77005EFB1B /* ParserContext+Bison.m */; };
		6E557C9F16C80BB5005EFB1B /* ParserContext.m in Sources */ = {isa = PBXBuildFile; fileRef = 6E557C8716C80B77005EFB1B /* ParserContext.m */; };
		6E557CA016C80BBC005EFB1B /* LICENSE.md in Resources */ = {isa = PBXBuildFile; fileRef = 14DE06D2169504B30052F083 /* LICENSE.md */; };
		6EFD62B6169B664A00B9EDA2 /* Foundation.framework in Frameworks */ = {isa = PBXBuildFile; fileRef = 08FB779EFE84155DC02AAC07 /* Foundation.framework */; };
/* End PBXBuildFile section */

/* Begin PBXCopyFilesBuildPhase section */
		143149FF1709AD38000F7534 /* CopyFiles */ = {
			isa = PBXCopyFilesBuildPhase;
			buildActionMask = 2147483647;
			dstPath = /usr/share/man/man1/;
			dstSubfolderSpec = 0;
			files = (
			);
			runOnlyForDeploymentPostprocessing = 1;
		};
		6EFD62B2169B664A00B9EDA2 /* CopyFiles */ = {
			isa = PBXCopyFilesBuildPhase;
			buildActionMask = 2147483647;
			dstPath = /usr/share/man/man1/;
			dstSubfolderSpec = 0;
			files = (
			);
			runOnlyForDeploymentPostprocessing = 1;
		};
/* End PBXCopyFilesBuildPhase section */

/* Begin PBXFileReference section */
		08FB779EFE84155DC02AAC07 /* Foundation.framework */ = {isa = PBXFileReference; lastKnownFileType = wrapper.framework; name = Foundation.framework; path = /System/Library/Frameworks/Foundation.framework; sourceTree = "<absolute>"; };
		143149FB1709AC93000F7534 /* postgresql.lm */ = {isa = PBXFileReference; fileEncoding = 4; lastKnownFileType = sourcecode.lex; path = postgresql.lm; sourceTree = "<group>"; };
		14314A011709AD38000F7534 /* Tokenizer */ = {isa = PBXFileReference; explicitFileType = "compiled.mach-o.executable"; includeInIndex = 0; path = Tokenizer; sourceTree = BUILT_PRODUCTS_DIR; };
		14314A041709AD38000F7534 /* main.m */ = {isa = PBXFileReference; lastKnownFileType = sourcecode.c.objc; path = main.m; sourceTree = "<group>"; };
		14314A0E1709AEAF000F7534 /* PGLexer.h */ = {isa = PBXFileReference; fileEncoding = 4; lastKnownFileType = sourcecode.c.h; path = PGLexer.h; sourceTree = "<group>"; };
		14314A0F1709AEAF000F7534 /* PGLexer.m */ = {isa = PBXFileReference; fileEncoding = 4; lastKnownFileType = sourcecode.c.objc; path = PGLexer.m; sourceTree = "<group>"; };
		14DE069C169504680052F083 /* CocoaEvaluator.app */ = {isa = PBXFileReference; explicitFileType = wrapper.application; includeInIndex = 0; path = CocoaEvaluator.app; sourceTree = BUILT_PRODUCTS_DIR; };
		14DE06D2169504B30052F083 /* LICENSE.md */ = {isa = PBXFileReference; lastKnownFileType = text; path = LICENSE.md; sourceTree = "<group>"; };
		14DE06D3169504B30052F083 /* README.md */ = {isa = PBXFileReference; lastKnownFileType = text; path = README.md; sourceTree = "<group>"; };
		6E173D6F0B50EAD8003BAAFF /* Cocoa.framework */ = {isa = PBXFileReference; lastKnownFileType = wrapper.framework; name = Cocoa.framework; path = /System/Library/Frameworks/Cocoa.framework; sourceTree = "<absolute>"; };
		6E557C6D16C80B76005EFB1B /* AppController.h */ = {isa = PBXFileReference; lastKnownFileType = sourcecode.c.h; path = AppController.h; sourceTree = "<group>"; };
		6E557C6E16C80B76005EFB1B /* AppController.m */ = {isa = PBXFileReference; lastKnownFileType = sourcecode.c.objc; path = AppController.m; sourceTree = "<group>"; };
		6E557C6F16C80B76005EFB1B /* main.m */ = {isa = PBXFileReference; lastKnownFileType = sourcecode.c.objc; path = main.m; sourceTree = "<group>"; };
		6E557C7116C80B77005EFB1B /* CocoaEvaluator.plist */ = {isa = PBXFileReference; lastKnownFileType = text.plist.xml; path = CocoaEvaluator.plist; sourceTree = "<group>"; };
		6E557C7216C80B77005EFB1B /* CocoaEvaluator.xib */ = {isa = PBXFileReference; lastKnownFileType = file.xib; path = CocoaEvaluator.xib; sourceTree = "<group>"; };
		6E557C7416C80B77005EFB1B /* FoundationEvaluator.m */ = {isa = PBXFileReference; lastKnownFileType = sourcecode.c.objc; path = FoundationEvaluator.m; sourceTree = "<group>"; };
		6E557C7516C80B77005EFB1B /* lexer.lm */ = {isa = PBXFileReference; lastKnownFileType = sourcecode.lex; path = lexer.lm; sourceTree = "<group>"; };
		6E557C7716C80B77005EFB1B /* BooleanNode.h */ = {isa = PBXFileReference; lastKnownFileType = sourcecode.c.h; path = BooleanNode.h; sourceTree = "<group>"; };
		6E557C7816C80B77005EFB1B /* BooleanNode.m */ = {isa = PBXFileReference; lastKnownFileType = sourcecode.c.objc; path = BooleanNode.m; sourceTree = "<group>"; };
		6E557C7916C80B77005EFB1B /* FunctionNode.h */ = {isa = PBXFileReference; lastKnownFileType = sourcecode.c.h; path = FunctionNode.h; sourceTree = "<group>"; };
		6E557C7A16C80B77005EFB1B /* FunctionNode.m */ = {isa = PBXFileReference; lastKnownFileType = sourcecode.c.objc; path = FunctionNode.m; sourceTree = "<group>"; };
		6E557C7B16C80B77005EFB1B /* NumberNode.h */ = {isa = PBXFileReference; lastKnownFileType = sourcecode.c.h; path = NumberNode.h; sourceTree = "<group>"; };
		6E557C7C16C80B77005EFB1B /* NumberNode.m */ = {isa = PBXFileReference; lastKnownFileType = sourcecode.c.objc; path = NumberNode.m; sourceTree = "<group>"; };
		6E557C7D16C80B77005EFB1B /* PTNode.h */ = {isa = PBXFileReference; lastKnownFileType = sourcecode.c.h; path = PTNode.h; sourceTree = "<group>"; };
		6E557C7E16C80B77005EFB1B /* PTNode.m */ = {isa = PBXFileReference; lastKnownFileType = sourcecode.c.objc; path = PTNode.m; sourceTree = "<group>"; };
		6E557C7F16C80B77005EFB1B /* StringNode.h */ = {isa = PBXFileReference; lastKnownFileType = sourcecode.c.h; path = StringNode.h; sourceTree = "<group>"; };
		6E557C8016C80B77005EFB1B /* StringNode.m */ = {isa = PBXFileReference; lastKnownFileType = sourcecode.c.objc; path = StringNode.m; sourceTree = "<group>"; };
		6E557C8116C80B77005EFB1B /* VariableNode.h */ = {isa = PBXFileReference; lastKnownFileType = sourcecode.c.h; path = VariableNode.h; sourceTree = "<group>"; };
		6E557C8216C80B77005EFB1B /* VariableNode.m */ = {isa = PBXFileReference; lastKnownFileType = sourcecode.c.objc; path = VariableNode.m; sourceTree = "<group>"; };
		6E557C8316C80B77005EFB1B /* parser.ym */ = {isa = PBXFileReference; lastKnownFileType = sourcecode.yacc; path = parser.ym; sourceTree = "<group>"; };
		6E557C8416C80B77005EFB1B /* ParserContext+Bison.h */ = {isa = PBXFileReference; lastKnownFileType = sourcecode.c.h; path = "ParserContext+Bison.h"; sourceTree = "<group>"; };
		6E557C8516C80B77005EFB1B /* ParserContext+Bison.m */ = {isa = PBXFileReference; lastKnownFileType = sourcecode.c.objc; path = "ParserContext+Bison.m"; sourceTree = "<group>"; };
		6E557C8616C80B77005EFB1B /* ParserContext.h */ = {isa = PBXFileReference; lastKnownFileType = sourcecode.c.h; path = ParserContext.h; sourceTree = "<group>"; };
		6E557C8716C80B77005EFB1B /* ParserContext.m */ = {isa = PBXFileReference; lastKnownFileType = sourcecode.c.objc; path = ParserContext.m; sourceTree = "<group>"; };
		6EFD62B4169B664A00B9EDA2 /* FoundationEvaluator */ = {isa = PBXFileReference; explicitFileType = "compiled.mach-o.executable"; includeInIndex = 0; path = FoundationEvaluator; sourceTree = BUILT_PRODUCTS_DIR; };
/* End PBXFileReference section */

/* Begin PBXFrameworksBuildPhase section */
		143149FE1709AD38000F7534 /* Frameworks */ = {
			isa = PBXFrameworksBuildPhase;
			buildActionMask = 2147483647;
			files = (
				14314A021709AD38000F7534 /* Foundation.framework in Frameworks */,
			);
			runOnlyForDeploymentPostprocessing = 0;
		};
		14DE0699169504680052F083 /* Frameworks */ = {
			isa = PBXFrameworksBuildPhase;
			buildActionMask = 2147483647;
			files = (
				14DE069E169504680052F083 /* Cocoa.framework in Frameworks */,
			);
			runOnlyForDeploymentPostprocessing = 0;
		};
		6EFD62B1169B664A00B9EDA2 /* Frameworks */ = {
			isa = PBXFrameworksBuildPhase;
			buildActionMask = 2147483647;
			files = (
				6EFD62B6169B664A00B9EDA2 /* Foundation.framework in Frameworks */,
			);
			runOnlyForDeploymentPostprocessing = 0;
		};
/* End PBXFrameworksBuildPhase section */

/* Begin PBXGroup section */
		08FB7794FE84155DC02AAC07 /* ExpressionEvaluator */ = {
			isa = PBXGroup;
			children = (
				143149FA1709AC14000F7534 /* lexer */,
				6E557C6B16C80B76005EFB1B /* src */,
				14DE06D2169504B30052F083 /* LICENSE.md */,
				14DE06D3169504B30052F083 /* README.md */,
				14314A031709AD38000F7534 /* Tokenizer */,
				08FB779DFE84155DC02AAC07 /* Frameworks */,
				1AB674ADFE9D54B511CA2CBB /* Products */,
			);
			name = ExpressionEvaluator;
			sourceTree = "<group>";
		};
		08FB779DFE84155DC02AAC07 /* Frameworks */ = {
			isa = PBXGroup;
			children = (
				6E173D6F0B50EAD8003BAAFF /* Cocoa.framework */,
				08FB779EFE84155DC02AAC07 /* Foundation.framework */,
			);
			name = Frameworks;
			sourceTree = "<group>";
		};
		143149FA1709AC14000F7534 /* lexer */ = {
			isa = PBXGroup;
			children = (
				143149FB1709AC93000F7534 /* postgresql.lm */,
				14314A0E1709AEAF000F7534 /* PGLexer.h */,
				14314A0F1709AEAF000F7534 /* PGLexer.m */,
			);
			path = lexer;
			sourceTree = "<group>";
		};
		14314A031709AD38000F7534 /* Tokenizer */ = {
			isa = PBXGroup;
			children = (
				14314A041709AD38000F7534 /* main.m */,
			);
			path = Tokenizer;
			sourceTree = "<group>";
		};
		1AB674ADFE9D54B511CA2CBB /* Products */ = {
			isa = PBXGroup;
			children = (
				14DE069C169504680052F083 /* CocoaEvaluator.app */,
				6EFD62B4169B664A00B9EDA2 /* FoundationEvaluator */,
				14314A011709AD38000F7534 /* Tokenizer */,
			);
			name = Products;
			sourceTree = "<group>";
		};
		6E557C6B16C80B76005EFB1B /* src */ = {
			isa = PBXGroup;
			children = (
				6E557C6C16C80B76005EFB1B /* cocoa */,
				6E557C7316C80B77005EFB1B /* foundation */,
				6E557C7616C80B77005EFB1B /* nodes */,
				6E557C7516C80B77005EFB1B /* lexer.lm */,
				6E557C8316C80B77005EFB1B /* parser.ym */,
				6E557C8416C80B77005EFB1B /* ParserContext+Bison.h */,
				6E557C8516C80B77005EFB1B /* ParserContext+Bison.m */,
				6E557C8616C80B77005EFB1B /* ParserContext.h */,
				6E557C8716C80B77005EFB1B /* ParserContext.m */,
			);
			path = src;
			sourceTree = "<group>";
		};
		6E557C6C16C80B76005EFB1B /* cocoa */ = {
			isa = PBXGroup;
			children = (
				6E557C6D16C80B76005EFB1B /* AppController.h */,
				6E557C6E16C80B76005EFB1B /* AppController.m */,
				6E557C6F16C80B76005EFB1B /* main.m */,
				6E557C7016C80B76005EFB1B /* resources */,
			);
			path = cocoa;
			sourceTree = "<group>";
		};
		6E557C7016C80B76005EFB1B /* resources */ = {
			isa = PBXGroup;
			children = (
				6E557C7116C80B77005EFB1B /* CocoaEvaluator.plist */,
				6E557C7216C80B77005EFB1B /* CocoaEvaluator.xib */,
			);
			path = resources;
			sourceTree = "<group>";
		};
		6E557C7316C80B77005EFB1B /* foundation */ = {
			isa = PBXGroup;
			children = (
				6E557C7416C80B77005EFB1B /* FoundationEvaluator.m */,
			);
			path = foundation;
			sourceTree = "<group>";
		};
		6E557C7616C80B77005EFB1B /* nodes */ = {
			isa = PBXGroup;
			children = (
				6E557C7E16C80B77005EFB1B /* PTNode.m */,
				6E557C7816C80B77005EFB1B /* BooleanNode.m */,
				6E557C7A16C80B77005EFB1B /* FunctionNode.m */,
				6E557C7C16C80B77005EFB1B /* NumberNode.m */,
				6E557C8016C80B77005EFB1B /* StringNode.m */,
				6E557C8216C80B77005EFB1B /* VariableNode.m */,
				6E557C7716C80B77005EFB1B /* BooleanNode.h */,
				6E557C7916C80B77005EFB1B /* FunctionNode.h */,
				6E557C7B16C80B77005EFB1B /* NumberNode.h */,
				6E557C7D16C80B77005EFB1B /* PTNode.h */,
				6E557C7F16C80B77005EFB1B /* StringNode.h */,
				6E557C8116C80B77005EFB1B /* VariableNode.h */,
			);
			path = nodes;
			sourceTree = "<group>";
		};
/* End PBXGroup section */

/* Begin PBXNativeTarget section */
		14314A001709AD38000F7534 /* Lexer */ = {
			isa = PBXNativeTarget;
			buildConfigurationList = 14314A0A1709AD38000F7534 /* Build configuration list for PBXNativeTarget "Lexer" */;
			buildPhases = (
				143149FD1709AD38000F7534 /* Sources */,
				143149FE1709AD38000F7534 /* Frameworks */,
				143149FF1709AD38000F7534 /* CopyFiles */,
			);
			buildRules = (
			);
			dependencies = (
			);
			name = Lexer;
			productName = Tokenizer;
			productReference = 14314A011709AD38000F7534 /* Tokenizer */;
			productType = "com.apple.product-type.tool";
		};
		14DE069B169504680052F083 /* CocoaEvaluator */ = {
			isa = PBXNativeTarget;
			buildConfigurationList = 14DE06B5169504680052F083 /* Build configuration list for PBXNativeTarget "CocoaEvaluator" */;
			buildPhases = (
				14DE0698169504680052F083 /* Sources */,
				14DE0699169504680052F083 /* Frameworks */,
				14DE069A169504680052F083 /* Resources */,
			);
			buildRules = (
			);
			dependencies = (
			);
			name = CocoaEvaluator;
			productName = ExpressionEvaluator;
			productReference = 14DE069C169504680052F083 /* CocoaEvaluator.app */;
			productType = "com.apple.product-type.application";
		};
		6EFD62B3169B664A00B9EDA2 /* FoundationEvaluator */ = {
			isa = PBXNativeTarget;
			buildConfigurationList = 6EFD62BE169B664A00B9EDA2 /* Build configuration list for PBXNativeTarget "FoundationEvaluator" */;
			buildPhases = (
				6EFD62B0169B664A00B9EDA2 /* Sources */,
				6EFD62B1169B664A00B9EDA2 /* Frameworks */,
				6EFD62B2169B664A00B9EDA2 /* CopyFiles */,
			);
			buildRules = (
			);
			dependencies = (
			);
			name = FoundationEvaluator;
			productName = FoundationEvaluator;
			productReference = 6EFD62B4169B664A00B9EDA2 /* FoundationEvaluator */;
			productType = "com.apple.product-type.tool";
		};
/* End PBXNativeTarget section */

/* Begin PBXProject section */
		08FB7793FE84155DC02AAC07 /* Project object */ = {
			isa = PBXProject;
			attributes = {
				LastUpgradeCheck = 0440;
			};
			buildConfigurationList = 1DEB927808733DD40010E9CD /* Build configuration list for PBXProject "ExpressionEvaluator" */;
			compatibilityVersion = "Xcode 3.2";
			developmentRegion = English;
			hasScannedForEncodings = 1;
			knownRegions = (
				en,
			);
			mainGroup = 08FB7794FE84155DC02AAC07 /* ExpressionEvaluator */;
			projectDirPath = "";
			projectRoot = "";
			targets = (
				14DE069B169504680052F083 /* CocoaEvaluator */,
				6EFD62B3169B664A00B9EDA2 /* FoundationEvaluator */,
				14314A001709AD38000F7534 /* Lexer */,
			);
		};
/* End PBXProject section */

/* Begin PBXResourcesBuildPhase section */
		14DE069A169504680052F083 /* Resources */ = {
			isa = PBXResourcesBuildPhase;
			buildActionMask = 2147483647;
			files = (
				6E557C8A16C80B88005EFB1B /* CocoaEvaluator.xib in Resources */,
				6E557CA016C80BBC005EFB1B /* LICENSE.md in Resources */,
			);
			runOnlyForDeploymentPostprocessing = 0;
		};
/* End PBXResourcesBuildPhase section */

/* Begin PBXSourcesBuildPhase section */
		143149FD1709AD38000F7534 /* Sources */ = {
			isa = PBXSourcesBuildPhase;
			buildActionMask = 2147483647;
			files = (
				14314A0D1709AD3F000F7534 /* postgresql.lm in Sources */,
				14314A101709AEAF000F7534 /* PGLexer.m in Sources */,
			);
			runOnlyForDeploymentPostprocessing = 0;
		};
		14DE0698169504680052F083 /* Sources */ = {
			isa = PBXSourcesBuildPhase;
			buildActionMask = 2147483647;
			files = (
				6E557C8816C80B82005EFB1B /* AppController.m in Sources */,
				6E557C8916C80B82005EFB1B /* main.m in Sources */,
				6E557C8C16C80B94005EFB1B /* lexer.lm in Sources */,
				6E557C9416C80BA6005EFB1B /* BooleanNode.m in Sources */,
				6E557C9516C80BA6005EFB1B /* FunctionNode.m in Sources */,
				6E557C9616C80BA6005EFB1B /* NumberNode.m in Sources */,
				6E557C9716C80BA6005EFB1B /* PTNode.m in Sources */,
				6E557C9816C80BA6005EFB1B /* StringNode.m in Sources */,
				6E557C9916C80BA6005EFB1B /* VariableNode.m in Sources */,
				6E557C9A16C80BB0005EFB1B /* parser.ym in Sources */,
				6E557C9C16C80BB5005EFB1B /* ParserContext+Bison.m in Sources */,
				6E557C9D16C80BB5005EFB1B /* ParserContext.m in Sources */,
			);
			runOnlyForDeploymentPostprocessing = 0;
		};
		6EFD62B0169B664A00B9EDA2 /* Sources */ = {
			isa = PBXSourcesBuildPhase;
			buildActionMask = 2147483647;
			files = (
				6E557C8B16C80B8D005EFB1B /* FoundationEvaluator.m in Sources */,
				6E557C8D16C80B94005EFB1B /* lexer.lm in Sources */,
				6E557C8E16C80BA5005EFB1B /* BooleanNode.m in Sources */,
				6E557C8F16C80BA5005EFB1B /* FunctionNode.m in Sources */,
				6E557C9016C80BA5005EFB1B /* NumberNode.m in Sources */,
				6E557C9116C80BA5005EFB1B /* PTNode.m in Sources */,
				6E557C9216C80BA5005EFB1B /* StringNode.m in Sources */,
				6E557C9316C80BA5005EFB1B /* VariableNode.m in Sources */,
				6E557C9B16C80BB1005EFB1B /* parser.ym in Sources */,
				6E557C9E16C80BB5005EFB1B /* ParserContext+Bison.m in Sources */,
				6E557C9F16C80BB5005EFB1B /* ParserContext.m in Sources */,
			);
			runOnlyForDeploymentPostprocessing = 0;
		};
/* End PBXSourcesBuildPhase section */

/* Begin XCBuildConfiguration section */
		14314A0B1709AD38000F7534 /* Debug */ = {
			isa = XCBuildConfiguration;
			buildSettings = {
				ALWAYS_SEARCH_USER_PATHS = NO;
				CLANG_CXX_LANGUAGE_STANDARD = "gnu++0x";
				CLANG_CXX_LIBRARY = "libc++";
				CLANG_ENABLE_OBJC_ARC = YES;
				CLANG_WARN_CONSTANT_CONVERSION = YES;
				CLANG_WARN_EMPTY_BODY = YES;
				CLANG_WARN_ENUM_CONVERSION = YES;
				CLANG_WARN_INT_CONVERSION = YES;
				CLANG_WARN__DUPLICATE_METHOD_MATCH = YES;
				COPY_PHASE_STRIP = NO;
				GCC_DYNAMIC_NO_PIC = NO;
				GCC_ENABLE_OBJC_EXCEPTIONS = YES;
				GCC_OPTIMIZATION_LEVEL = 0;
				GCC_PRECOMPILE_PREFIX_HEADER = YES;
				GCC_PREFIX_HEADER = "Tokenizer/Tokenizer-Prefix.pch";
				GCC_PREPROCESSOR_DEFINITIONS = (
					"DEBUG=1",
					"$(inherited)",
				);
				GCC_SYMBOLS_PRIVATE_EXTERN = NO;
				GCC_WARN_64_TO_32_BIT_CONVERSION = YES;
				GCC_WARN_UNINITIALIZED_AUTOS = YES;
				MACOSX_DEPLOYMENT_TARGET = 10.8;
				PRODUCT_NAME = "$(TARGET_NAME)";
			};
			name = Debug;
		};
		14314A0C1709AD38000F7534 /* Release */ = {
			isa = XCBuildConfiguration;
			buildSettings = {
				ALWAYS_SEARCH_USER_PATHS = NO;
				CLANG_CXX_LANGUAGE_STANDARD = "gnu++0x";
				CLANG_CXX_LIBRARY = "libc++";
				CLANG_ENABLE_OBJC_ARC = YES;
				CLANG_WARN_CONSTANT_CONVERSION = YES;
				CLANG_WARN_EMPTY_BODY = YES;
				CLANG_WARN_ENUM_CONVERSION = YES;
				CLANG_WARN_INT_CONVERSION = YES;
				CLANG_WARN__DUPLICATE_METHOD_MATCH = YES;
				COPY_PHASE_STRIP = YES;
				DEBUG_INFORMATION_FORMAT = "dwarf-with-dsym";
				GCC_ENABLE_OBJC_EXCEPTIONS = YES;
				GCC_PRECOMPILE_PREFIX_HEADER = YES;
				GCC_PREFIX_HEADER = "Tokenizer/Tokenizer-Prefix.pch";
				GCC_WARN_64_TO_32_BIT_CONVERSION = YES;
				GCC_WARN_UNINITIALIZED_AUTOS = YES;
				MACOSX_DEPLOYMENT_TARGET = 10.8;
				PRODUCT_NAME = "$(TARGET_NAME)";
			};
			name = Release;
		};
		14DE06B6169504680052F083 /* Debug */ = {
			isa = XCBuildConfiguration;
			buildSettings = {
				ALWAYS_SEARCH_USER_PATHS = NO;
				CLANG_CXX_LANGUAGE_STANDARD = "gnu++0x";
				CLANG_CXX_LIBRARY = "libc++";
				CLANG_ENABLE_OBJC_ARC = YES;
				CLANG_WARN_EMPTY_BODY = YES;
				CLANG_WARN__DUPLICATE_METHOD_MATCH = YES;
				COMBINE_HIDPI_IMAGES = YES;
				COPY_PHASE_STRIP = NO;
				GCC_DYNAMIC_NO_PIC = NO;
				GCC_ENABLE_OBJC_EXCEPTIONS = YES;
				GCC_OPTIMIZATION_LEVEL = 0;
				GCC_PRECOMPILE_PREFIX_HEADER = YES;
				GCC_PREPROCESSOR_DEFINITIONS = (
					"DEBUG=1",
					"$(inherited)",
				);
				GCC_SYMBOLS_PRIVATE_EXTERN = NO;
				GCC_WARN_64_TO_32_BIT_CONVERSION = YES;
				GCC_WARN_UNINITIALIZED_AUTOS = YES;
				INFOPLIST_FILE = "$(SRCROOT)/src/cocoa/resources/CocoaEvaluator.plist";
				MACOSX_DEPLOYMENT_TARGET = 10.7;
				PRODUCT_NAME = "$(TARGET_NAME)";
				SDKROOT = macosx10.7;
				WRAPPER_EXTENSION = app;
			};
			name = Debug;
		};
		14DE06B7169504680052F083 /* Release */ = {
			isa = XCBuildConfiguration;
			buildSettings = {
				ALWAYS_SEARCH_USER_PATHS = NO;
				CLANG_CXX_LANGUAGE_STANDARD = "gnu++0x";
				CLANG_CXX_LIBRARY = "libc++";
				CLANG_ENABLE_OBJC_ARC = YES;
				CLANG_WARN_EMPTY_BODY = YES;
				CLANG_WARN__DUPLICATE_METHOD_MATCH = YES;
				COMBINE_HIDPI_IMAGES = YES;
				COPY_PHASE_STRIP = YES;
				DEBUG_INFORMATION_FORMAT = "dwarf-with-dsym";
				GCC_ENABLE_OBJC_EXCEPTIONS = YES;
				GCC_PRECOMPILE_PREFIX_HEADER = YES;
				GCC_WARN_64_TO_32_BIT_CONVERSION = YES;
				GCC_WARN_UNINITIALIZED_AUTOS = YES;
				INFOPLIST_FILE = "$(SRCROOT)/src/cocoa/resources/CocoaEvaluator.plist";
				MACOSX_DEPLOYMENT_TARGET = 10.7;
				PRODUCT_NAME = "$(TARGET_NAME)";
				SDKROOT = macosx10.7;
				WRAPPER_EXTENSION = app;
			};
			name = Release;
		};
		1DEB927908733DD40010E9CD /* Debug */ = {
			isa = XCBuildConfiguration;
			buildSettings = {
				ARCHS = "$(ARCHS_STANDARD_64_BIT)";
				GCC_C_LANGUAGE_STANDARD = gnu99;
				GCC_WARN_ABOUT_RETURN_TYPE = YES;
				GCC_WARN_UNUSED_VARIABLE = YES;
				ONLY_ACTIVE_ARCH = YES;
				SDKROOT = macosx;
				STRIP_INSTALLED_PRODUCT = NO;
			};
			name = Debug;
		};
		1DEB927A08733DD40010E9CD /* Release */ = {
			isa = XCBuildConfiguration;
			buildSettings = {
				ARCHS = "$(ARCHS_STANDARD_64_BIT)";
				GCC_C_LANGUAGE_STANDARD = gnu99;
				GCC_WARN_ABOUT_RETURN_TYPE = YES;
				GCC_WARN_UNUSED_VARIABLE = YES;
				ONLY_ACTIVE_ARCH = NO;
				SDKROOT = macosx;
			};
			name = Release;
		};
		6EFD62BF169B664A00B9EDA2 /* Debug */ = {
			isa = XCBuildConfiguration;
			buildSettings = {
				ALWAYS_SEARCH_USER_PATHS = NO;
				CLANG_CXX_LANGUAGE_STANDARD = "gnu++0x";
				CLANG_ENABLE_OBJC_ARC = YES;
				CLANG_WARN__DUPLICATE_METHOD_MATCH = YES;
				COPY_PHASE_STRIP = NO;
				GCC_DYNAMIC_NO_PIC = NO;
				GCC_ENABLE_OBJC_EXCEPTIONS = YES;
				GCC_OPTIMIZATION_LEVEL = 0;
				GCC_PRECOMPILE_PREFIX_HEADER = YES;
				GCC_PREPROCESSOR_DEFINITIONS = (
					"DEBUG=1",
					"$(inherited)",
				);
				GCC_SYMBOLS_PRIVATE_EXTERN = NO;
				GCC_WARN_64_TO_32_BIT_CONVERSION = YES;
				GCC_WARN_UNINITIALIZED_AUTOS = YES;
				MACOSX_DEPLOYMENT_TARGET = 10.7;
				PRODUCT_NAME = "$(TARGET_NAME)";
				SDKROOT = macosx;
			};
			name = Debug;
		};
		6EFD62C0169B664A00B9EDA2 /* Release */ = {
			isa = XCBuildConfiguration;
			buildSettings = {
				ALWAYS_SEARCH_USER_PATHS = NO;
				CLANG_CXX_LANGUAGE_STANDARD = "gnu++0x";
				CLANG_ENABLE_OBJC_ARC = YES;
				CLANG_WARN__DUPLICATE_METHOD_MATCH = YES;
				COPY_PHASE_STRIP = YES;
				DEBUG_INFORMATION_FORMAT = "dwarf-with-dsym";
				GCC_ENABLE_OBJC_EXCEPTIONS = YES;
				GCC_PRECOMPILE_PREFIX_HEADER = YES;
				GCC_WARN_64_TO_32_BIT_CONVERSION = YES;
				GCC_WARN_UNINITIALIZED_AUTOS = YES;
				MACOSX_DEPLOYMENT_TARGET = 10.7;
				PRODUCT_NAME = "$(TARGET_NAME)";
				SDKROOT = macosx;
			};
			name = Release;
		};
/* End XCBuildConfiguration section */

/* Begin XCConfigurationList section */
		14314A0A1709AD38000F7534 /* Build configuration list for PBXNativeTarget "Lexer" */ = {
			isa = XCConfigurationList;
			buildConfigurations = (
				14314A0B1709AD38000F7534 /* Debug */,
				14314A0C1709AD38000F7534 /* Release */,
			);
			defaultConfigurationIsVisible = 0;
		};
		14DE06B5169504680052F083 /* Build configuration list for PBXNativeTarget "CocoaEvaluator" */ = {
			isa = XCConfigurationList;
			buildConfigurations = (
				14DE06B6169504680052F083 /* Debug */,
				14DE06B7169504680052F083 /* Release */,
			);
			defaultConfigurationIsVisible = 0;
			defaultConfigurationName = Release;
		};
		1DEB927808733DD40010E9CD /* Build configuration list for PBXProject "ExpressionEvaluator" */ = {
			isa = XCConfigurationList;
			buildConfigurations = (
				1DEB927908733DD40010E9CD /* Debug */,
				1DEB927A08733DD40010E9CD /* Release */,
			);
			defaultConfigurationIsVisible = 0;
			defaultConfigurationName = Release;
		};
		6EFD62BE169B664A00B9EDA2 /* Build configuration list for PBXNativeTarget "FoundationEvaluator" */ = {
			isa = XCConfigurationList;
			buildConfigurations = (
				6EFD62BF169B664A00B9EDA2 /* Debug */,
				6EFD62C0169B664A00B9EDA2 /* Release */,
			);
			defaultConfigurationIsVisible = 0;
			defaultConfigurationName = Release;
		};
/* End XCConfigurationList section */
	};
	rootObject = 08FB7793FE84155DC02AAC07 /* Project object */;
}
